
Microsoft Visual Studio Solution File, Format Version 12.00
# Visual Studio Version 16
VisualStudioVersion = 16.0.30128.74
MinimumVisualStudioVersion = 10.0.40219.1
Project("{9A19103F-16F7-4668-BE54-9A1E7A4F7556}") = "DAL", "DAL\DAL.csproj", "{C387FFE3-9B91-453C-9614-7A3F56D94703}"
EndProject
Project("{9A19103F-16F7-4668-BE54-9A1E7A4F7556}") = "DALAbstraction", "DALAbstraction\DALAbstraction.csproj", "{381C21CB-55A2-456E-809F-0EF699C5BFD1}"
EndProject
Project("{2150E333-8FDC-42A3-9474-1A3956D46DE8}") = "DataAccess", "DataAccess", "{2AF82FD9-4CA8-4831-894D-550CFB0C621B}"
EndProject
Project("{2150E333-8FDC-42A3-9474-1A3956D46DE8}") = "Managers", "Managers", "{E5A178CB-7A11-48C8-AE67-E3BA23DB6C95}"
EndProject
Project("{2150E333-8FDC-42A3-9474-1A3956D46DE8}") = "Viewers", "Viewers", "{482C76A8-009C-4D1F-9498-AA252159EF14}"
EndProject
Project("{9A19103F-16F7-4668-BE54-9A1E7A4F7556}") = "ManagmentAbstraction", "ManagmentAbstraction\ManagmentAbstraction.csproj", "{28BE5587-7CC8-4986-A88D-48DCDF2174D8}"
EndProject
Project("{9A19103F-16F7-4668-BE54-9A1E7A4F7556}") = "SoapAbstraction", "ViewerAbstraction\SoapAbstraction.csproj", "{8A49E4EA-64AA-41BB-A227-C5439D28095B}"
EndProject
Project("{9A19103F-16F7-4668-BE54-9A1E7A4F7556}") = "ManagmentLayer", "Managment\ManagmentLayer.csproj", "{F0DCD34E-2B2D-4646-AA70-061739AFA1DB}"
EndProject
Project("{9A19103F-16F7-4668-BE54-9A1E7A4F7556}") = "SoapLayer", "Viewer\SoapLayer.csproj", "{075ECDBD-A922-4950-9743-E2EE0055B2E4}"
EndProject
Project("{9A19103F-16F7-4668-BE54-9A1E7A4F7556}") = "ZMain", "UserCollectionManager\ZMain.csproj", "{4FBB16FF-0B2A-41B9-AEFF-470516FA14F5}"
EndProject
Global
	GlobalSection(SolutionConfigurationPlatforms) = preSolution
		Debug|Any CPU = Debug|Any CPU
		Release|Any CPU = Release|Any CPU
	EndGlobalSection
	GlobalSection(ProjectConfigurationPlatforms) = postSolution
		{C387FFE3-9B91-453C-9614-7A3F56D94703}.Debug|Any CPU.ActiveCfg = Debug|Any CPU
		{C387FFE3-9B91-453C-9614-7A3F56D94703}.Debug|Any CPU.Build.0 = Debug|Any CPU
		{C387FFE3-9B91-453C-9614-7A3F56D94703}.Release|Any CPU.ActiveCfg = Release|Any CPU
		{C387FFE3-9B91-453C-9614-7A3F56D94703}.Release|Any CPU.Build.0 = Release|Any CPU
		{381C21CB-55A2-456E-809F-0EF699C5BFD1}.Debug|Any CPU.ActiveCfg = Debug|Any CPU
		{381C21CB-55A2-456E-809F-0EF699C5BFD1}.Debug|Any CPU.Build.0 = Debug|Any CPU
		{381C21CB-55A2-456E-809F-0EF699C5BFD1}.Release|Any CPU.ActiveCfg = Release|Any CPU
		{381C21CB-55A2-456E-809F-0EF699C5BFD1}.Release|Any CPU.Build.0 = Release|Any CPU
		{28BE5587-7CC8-4986-A88D-48DCDF2174D8}.Debug|Any CPU.ActiveCfg = Debug|Any CPU
		{28BE5587-7CC8-4986-A88D-48DCDF2174D8}.Debug|Any CPU.Build.0 = Debug|Any CPU
		{28BE5587-7CC8-4986-A88D-48DCDF2174D8}.Release|Any CPU.ActiveCfg = Release|Any CPU
		{28BE5587-7CC8-4986-A88D-48DCDF2174D8}.Release|Any CPU.Build.0 = Release|Any CPU
		{8A49E4EA-64AA-41BB-A227-C5439D28095B}.Debug|Any CPU.ActiveCfg = Debug|Any CPU
		{8A49E4EA-64AA-41BB-A227-C5439D28095B}.Debug|Any CPU.Build.0 = Debug|Any CPU
		{8A49E4EA-64AA-41BB-A227-C5439D28095B}.Release|Any CPU.ActiveCfg = Release|Any CPU
		{8A49E4EA-64AA-41BB-A227-C5439D28095B}.Release|Any CPU.Build.0 = Release|Any CPU
		{F0DCD34E-2B2D-4646-AA70-061739AFA1DB}.Debug|Any CPU.ActiveCfg = Debug|Any CPU
		{F0DCD34E-2B2D-4646-AA70-061739AFA1DB}.Debug|Any CPU.Build.0 = Debug|Any CPU
		{F0DCD34E-2B2D-4646-AA70-061739AFA1DB}.Release|Any CPU.ActiveCfg = Release|Any CPU
		{F0DCD34E-2B2D-4646-AA70-061739AFA1DB}.Release|Any CPU.Build.0 = Release|Any CPU
		{075ECDBD-A922-4950-9743-E2EE0055B2E4}.Debug|Any CPU.ActiveCfg = Debug|Any CPU
		{075ECDBD-A922-4950-9743-E2EE0055B2E4}.Debug|Any CPU.Build.0 = Debug|Any CPU
		{075ECDBD-A922-4950-9743-E2EE0055B2E4}.Release|Any CPU.ActiveCfg = Release|Any CPU
		{075ECDBD-A922-4950-9743-E2EE0055B2E4}.Release|Any CPU.Build.0 = Release|Any CPU
		{4FBB16FF-0B2A-41B9-AEFF-470516FA14F5}.Debug|Any CPU.ActiveCfg = Debug|Any CPU
		{4FBB16FF-0B2A-41B9-AEFF-470516FA14F5}.Debug|Any CPU.Build.0 = Debug|Any CPU
		{4FBB16FF-0B2A-41B9-AEFF-470516FA14F5}.Release|Any CPU.ActiveCfg = Release|Any CPU
		{4FBB16FF-0B2A-41B9-AEFF-470516FA14F5}.Release|Any CPU.Build.0 = Release|Any CPU
	EndGlobalSection
	GlobalSection(SolutionProperties) = preSolution
		HideSolutionNode = FALSE
	EndGlobalSection
	GlobalSection(NestedProjects) = preSolution
		{C387FFE3-9B91-453C-9614-7A3F56D94703} = {2AF82FD9-4CA8-4831-894D-550CFB0C621B}
		{381C21CB-55A2-456E-809F-0EF699C5BFD1} = {2AF82FD9-4CA8-4831-894D-550CFB0C621B}
		{28BE5587-7CC8-4986-A88D-48DCDF2174D8} = {E5A178CB-7A11-48C8-AE67-E3BA23DB6C95}
		{8A49E4EA-64AA-41BB-A227-C5439D28095B} = {482C76A8-009C-4D1F-9498-AA252159EF14}
		{F0DCD34E-2B2D-4646-AA70-061739AFA1DB} = {E5A178CB-7A11-48C8-AE67-E3BA23DB6C95}
		{075ECDBD-A922-4950-9743-E2EE0055B2E4} = {482C76A8-009C-4D1F-9498-AA252159EF14}
	EndGlobalSection
	GlobalSection(ExtensibilityGlobals) = postSolution
		SolutionGuid = {216980A3-F89B-4071-AD5A-C9410880E40D}
	EndGlobalSection
EndGlobal
